
Microsoft Visual Studio Solution File, Format Version 12.00
# Visual Studio 15
VisualStudioVersion = 15.0.27703.2026
MinimumVisualStudioVersion = 10.0.40219.1
Project("{FAE04EC0-301F-11D3-BF4B-00C04F79EFBC}") = "SamScript", "SamScript\SamScript.csproj", "{3A2051B5-4447-40AC-A640-7FBD1D5F2C69}"
EndProject
Global
	GlobalSection(SolutionConfigurationPlatforms) = preSolution
		Debug|Any CPU = Debug|Any CPU
		Release|Any CPU = Release|Any CPU
	EndGlobalSection
	GlobalSection(ProjectConfigurationPlatforms) = postSolution
		{3A2051B5-4447-40AC-A640-7FBD1D5F2C69}.Debug|Any CPU.ActiveCfg = Debug|Any CPU
		{3A2051B5-4447-40AC-A640-7FBD1D5F2C69}.Debug|Any CPU.Build.0 = Debug|Any CPU
		{3A2051B5-4447-40AC-A640-7FBD1D5F2C69}.Release|Any CPU.ActiveCfg = Release|Any CPU
		{3A2051B5-4447-40AC-A640-7FBD1D5F2C69}.Release|Any CPU.Build.0 = Release|Any CPU
	EndGlobalSection
	GlobalSection(SolutionProperties) = preSolution
		HideSolutionNode = FALSE
	EndGlobalSection
	GlobalSection(ExtensibilityGlobals) = postSolution
		SolutionGuid = {D28343C5-CDB2-4CB1-96D7-6A89D4174CFF}
	EndGlobalSection
EndGlobal
